
Microsoft Visual Studio Solution File, Format Version 12.00
# Visual Studio Version 17
VisualStudioVersion = 17.7.34221.43
MinimumVisualStudioVersion = 10.0.40219.1
Project("{8BC9CEB8-8B4A-11D0-8D11-00A0C91BC942}") = "Arrays", "Arrays\Arrays.vcxproj", "{3CE798DE-5142-425C-A4F7-4B43AA3632CA}"
EndProject
Project("{8BC9CEB8-8B4A-11D0-8D11-00A0C91BC942}") = "Shift", "Shift\Shift.vcxproj", "{01D449F6-3C35-4E6E-933E-853E9F36D712}"
EndProject
Global
	GlobalSection(SolutionConfigurationPlatforms) = preSolution
		Debug|x64 = Debug|x64
		Debug|x86 = Debug|x86
		Release|x64 = Release|x64
		Release|x86 = Release|x86
	EndGlobalSection
	GlobalSection(ProjectConfigurationPlatforms) = postSolution
		{3CE798DE-5142-425C-A4F7-4B43AA3632CA}.Debug|x64.ActiveCfg = Debug|x64
		{3CE798DE-5142-425C-A4F7-4B43AA3632CA}.Debug|x64.Build.0 = Debug|x64
		{3CE798DE-5142-425C-A4F7-4B43AA3632CA}.Debug|x86.ActiveCfg = Debug|Win32
		{3CE798DE-5142-425C-A4F7-4B43AA3632CA}.Debug|x86.Build.0 = Debug|Win32
		{3CE798DE-5142-425C-A4F7-4B43AA3632CA}.Release|x64.ActiveCfg = Release|x64
		{3CE798DE-5142-425C-A4F7-4B43AA3632CA}.Release|x64.Build.0 = Release|x64
		{3CE798DE-5142-425C-A4F7-4B43AA3632CA}.Release|x86.ActiveCfg = Release|Win32
		{3CE798DE-5142-425C-A4F7-4B43AA3632CA}.Release|x86.Build.0 = Release|Win32
		{01D449F6-3C35-4E6E-933E-853E9F36D712}.Debug|x64.ActiveCfg = Debug|x64
		{01D449F6-3C35-4E6E-933E-853E9F36D712}.Debug|x64.Build.0 = Debug|x64
		{01D449F6-3C35-4E6E-933E-853E9F36D712}.Debug|x86.ActiveCfg = Debug|Win32
		{01D449F6-3C35-4E6E-933E-853E9F36D712}.Debug|x86.Build.0 = Debug|Win32
		{01D449F6-3C35-4E6E-933E-853E9F36D712}.Release|x64.ActiveCfg = Release|x64
		{01D449F6-3C35-4E6E-933E-853E9F36D712}.Release|x64.Build.0 = Release|x64
		{01D449F6-3C35-4E6E-933E-853E9F36D712}.Release|x86.ActiveCfg = Release|Win32
		{01D449F6-3C35-4E6E-933E-853E9F36D712}.Release|x86.Build.0 = Release|Win32
	EndGlobalSection
	GlobalSection(SolutionProperties) = preSolution
		HideSolutionNode = FALSE
	EndGlobalSection
	GlobalSection(ExtensibilityGlobals) = postSolution
		SolutionGuid = {41947D9E-33E7-49CE-9CBA-A4690099EE99}
	EndGlobalSection
EndGlobal
